
Microsoft Visual Studio Solution File, Format Version 12.00
# Visual Studio Version 17
VisualStudioVersion = 17.5.33627.172
MinimumVisualStudioVersion = 10.0.40219.1
Project("{FAE04EC0-301F-11D3-BF4B-00C04F79EFBC}") = "CodeHelper.Common", "CodeHelper.Common\CodeHelper.Common.csproj", "{4666DCFE-26A9-4BC4-8B0B-777BFB1DD714}"
EndProject
Global
	GlobalSection(SolutionConfigurationPlatforms) = preSolution
		Debug|Any CPU = Debug|Any CPU
		Release|Any CPU = Release|Any CPU
	EndGlobalSection
	GlobalSection(ProjectConfigurationPlatforms) = postSolution
		{4666DCFE-26A9-4BC4-8B0B-777BFB1DD714}.Debug|Any CPU.ActiveCfg = Debug|Any CPU
		{4666DCFE-26A9-4BC4-8B0B-777BFB1DD714}.Debug|Any CPU.Build.0 = Debug|Any CPU
		{4666DCFE-26A9-4BC4-8B0B-777BFB1DD714}.Release|Any CPU.ActiveCfg = Release|Any CPU
		{4666DCFE-26A9-4BC4-8B0B-777BFB1DD714}.Release|Any CPU.Build.0 = Release|Any CPU
	EndGlobalSection
	GlobalSection(SolutionProperties) = preSolution
		HideSolutionNode = FALSE
	EndGlobalSection
	GlobalSection(ExtensibilityGlobals) = postSolution
		SolutionGuid = {65DA9178-C513-4270-9DD0-77370D49EEA3}
	EndGlobalSection
EndGlobal
